
Microsoft Visual Studio Solution File, Format Version 12.00
# Visual Studio Version 16
VisualStudioVersion = 16.0.31624.102
MinimumVisualStudioVersion = 10.0.40219.1
Project("{8BC9CEB8-8B4A-11D0-8D11-00A0C91BC942}") = "EvenOrOdd_LastDigit_PrintSeperated", "Assignments_C++\Assignments_C++.vcxproj", "{966D2CDF-8BF7-46E4-B433-7BF8FB1780F2}"
EndProject
Project("{8BC9CEB8-8B4A-11D0-8D11-00A0C91BC942}") = "AbsoluteDifference", "AbsoluteDifference\AbsoluteDifference.vcxproj", "{67707046-9457-48D9-B8F4-E523C98BDED2}"
EndProject
Project("{8BC9CEB8-8B4A-11D0-8D11-00A0C91BC942}") = "CelciusToFahrenheit", "CelciusToFahrenheit\CelciusToFahrenheit.vcxproj", "{51484A0E-05E5-440D-9D42-8C0649AA090C}"
EndProject
Project("{8BC9CEB8-8B4A-11D0-8D11-00A0C91BC942}") = "GuessingGame", "GuessingGame\GuessingGame.vcxproj", "{6A0BE053-99BC-4D5C-AF8A-9180303B3926}"
EndProject
Project("{8BC9CEB8-8B4A-11D0-8D11-00A0C91BC942}") = "ArithmeticProgression", "ArithmeticProgression\ArithmeticProgression.vcxproj", "{E88D7954-80BB-4874-9209-CDDAF29BF191}"
EndProject
Project("{8BC9CEB8-8B4A-11D0-8D11-00A0C91BC942}") = "ReverseCollection", "ReverseCollection\ReverseCollection.vcxproj", "{828DEA6A-4BC2-4111-A0F6-BD109F441D92}"
EndProject
Project("{8BC9CEB8-8B4A-11D0-8D11-00A0C91BC942}") = "LinearSearch", "LinearSearch\LinearSearch.vcxproj", "{96428681-87A2-45F9-B821-FA20D4EF1ECD}"
EndProject
Project("{8BC9CEB8-8B4A-11D0-8D11-00A0C91BC942}") = "Palindrome", "Palindrome\Palindrome.vcxproj", "{423B1259-9B2B-4CCE-9F9D-E19D22597021}"
EndProject
Project("{8BC9CEB8-8B4A-11D0-8D11-00A0C91BC942}") = "NTH bit", "NTH bit\NTH bit.vcxproj", "{C2E70A60-275D-4DEE-A2AA-62A10D7810CB}"
EndProject
Project("{8BC9CEB8-8B4A-11D0-8D11-00A0C91BC942}") = "Min Max Sum Average", "Min Max Sum Average\Min Max Sum Average.vcxproj", "{685FAED6-B7C2-4761-B9D2-3BEBA987E34F}"
EndProject
Project("{8BC9CEB8-8B4A-11D0-8D11-00A0C91BC942}") = "Occurences of characters", "Occurences of characters\Occurences of characters.vcxproj", "{C9A3D3A0-F310-48EA-ABA9-3D6590C7BE3A}"
EndProject
Project("{8BC9CEB8-8B4A-11D0-8D11-00A0C91BC942}") = "Fibonacci Numbers", "Fibonacci Numbers\Fibonacci Numbers.vcxproj", "{B5D2E2D0-6425-4935-B78E-48A5FBCD5A24}"
EndProject
Project("{8BC9CEB8-8B4A-11D0-8D11-00A0C91BC942}") = "Constructors", "Assignments\Assignments.vcxproj", "{5E0807F2-020D-4307-9DAF-DB6A15A1BA56}"
EndProject
Project("{2150E333-8FDC-42A3-9474-1A3956D46DE8}") = "Easy", "Easy", "{D9B83CD1-489F-4675-AD16-1F83F212E470}"
EndProject
Project("{2150E333-8FDC-42A3-9474-1A3956D46DE8}") = "Intermediate", "Intermediate", "{55D86586-6987-4364-8F75-F7809E192A1F}"
EndProject
Project("{8BC9CEB8-8B4A-11D0-8D11-00A0C91BC942}") = "SwapNumbers", "SwapNumbers\SwapNumbers.vcxproj", "{A8F964CA-35FD-4522-B51F-0601406451AE}"
EndProject
Project("{8BC9CEB8-8B4A-11D0-8D11-00A0C91BC942}") = "Lucky Number", "Lucky Number\Lucky Number.vcxproj", "{BA814835-16D5-454D-8242-5EEAF7F3F412}"
EndProject
Project("{8BC9CEB8-8B4A-11D0-8D11-00A0C91BC942}") = "Linear Search Word", "Linear Search Word\Linear Search Word.vcxproj", "{420813DE-E7FF-4F66-A53D-7216AFF51A15}"
EndProject
Project("{2150E333-8FDC-42A3-9474-1A3956D46DE8}") = "Hard", "Hard", "{F25E7DAF-F681-4F2C-AE0C-C6924A2F8B83}"
EndProject
Project("{8BC9CEB8-8B4A-11D0-8D11-00A0C91BC942}") = "Contains Number", "Contains Number\Contains Number.vcxproj", "{361DDAD2-B197-45CA-8D33-9BC30FE2DB5D}"
EndProject
Project("{8BC9CEB8-8B4A-11D0-8D11-00A0C91BC942}") = "Permutations", "Permutations\Permutations.vcxproj", "{B5979C38-1D80-4224-9CF3-EF5C01ECCCB6}"
EndProject
Project("{8BC9CEB8-8B4A-11D0-8D11-00A0C91BC942}") = "Compress String", "Compress String\Compress String.vcxproj", "{4FE897FF-A776-439F-871A-D25BAF417DD0}"
EndProject
Project("{8BC9CEB8-8B4A-11D0-8D11-00A0C91BC942}") = "Find Largest Number - Template", "Find Largest Number - Template\Find Largest Number - Template.vcxproj", "{1F0DDB83-E6D9-4963-8476-2F0289865DD5}"
EndProject
Project("{8BC9CEB8-8B4A-11D0-8D11-00A0C91BC942}") = "Swap with templates", "Swap with templates\Swap with templates.vcxproj", "{053154A3-03F5-4AFE-B555-DAB80DBC3CE7}"
EndProject
Project("{8BC9CEB8-8B4A-11D0-8D11-00A0C91BC942}") = "Custom Vector Class", "Custom Vector Class\Custom Vector Class.vcxproj", "{2C68BA56-0668-4A3C-B9C1-BCCB5D388B1E}"
EndProject
Global
	GlobalSection(SolutionConfigurationPlatforms) = preSolution
		Debug|x64 = Debug|x64
		Debug|x86 = Debug|x86
		Release|x64 = Release|x64
		Release|x86 = Release|x86
	EndGlobalSection
	GlobalSection(ProjectConfigurationPlatforms) = postSolution
		{966D2CDF-8BF7-46E4-B433-7BF8FB1780F2}.Debug|x64.ActiveCfg = Debug|x64
		{966D2CDF-8BF7-46E4-B433-7BF8FB1780F2}.Debug|x64.Build.0 = Debug|x64
		{966D2CDF-8BF7-46E4-B433-7BF8FB1780F2}.Debug|x86.ActiveCfg = Debug|Win32
		{966D2CDF-8BF7-46E4-B433-7BF8FB1780F2}.Debug|x86.Build.0 = Debug|Win32
		{966D2CDF-8BF7-46E4-B433-7BF8FB1780F2}.Release|x64.ActiveCfg = Release|x64
		{966D2CDF-8BF7-46E4-B433-7BF8FB1780F2}.Release|x64.Build.0 = Release|x64
		{966D2CDF-8BF7-46E4-B433-7BF8FB1780F2}.Release|x86.ActiveCfg = Release|Win32
		{966D2CDF-8BF7-46E4-B433-7BF8FB1780F2}.Release|x86.Build.0 = Release|Win32
		{67707046-9457-48D9-B8F4-E523C98BDED2}.Debug|x64.ActiveCfg = Debug|x64
		{67707046-9457-48D9-B8F4-E523C98BDED2}.Debug|x64.Build.0 = Debug|x64
		{67707046-9457-48D9-B8F4-E523C98BDED2}.Debug|x86.ActiveCfg = Debug|Win32
		{67707046-9457-48D9-B8F4-E523C98BDED2}.Debug|x86.Build.0 = Debug|Win32
		{67707046-9457-48D9-B8F4-E523C98BDED2}.Release|x64.ActiveCfg = Release|x64
		{67707046-9457-48D9-B8F4-E523C98BDED2}.Release|x64.Build.0 = Release|x64
		{67707046-9457-48D9-B8F4-E523C98BDED2}.Release|x86.ActiveCfg = Release|Win32
		{67707046-9457-48D9-B8F4-E523C98BDED2}.Release|x86.Build.0 = Release|Win32
		{51484A0E-05E5-440D-9D42-8C0649AA090C}.Debug|x64.ActiveCfg = Debug|x64
		{51484A0E-05E5-440D-9D42-8C0649AA090C}.Debug|x64.Build.0 = Debug|x64
		{51484A0E-05E5-440D-9D42-8C0649AA090C}.Debug|x86.ActiveCfg = Debug|Win32
		{51484A0E-05E5-440D-9D42-8C0649AA090C}.Debug|x86.Build.0 = Debug|Win32
		{51484A0E-05E5-440D-9D42-8C0649AA090C}.Release|x64.ActiveCfg = Release|x64
		{51484A0E-05E5-440D-9D42-8C0649AA090C}.Release|x64.Build.0 = Release|x64
		{51484A0E-05E5-440D-9D42-8C0649AA090C}.Release|x86.ActiveCfg = Release|Win32
		{51484A0E-05E5-440D-9D42-8C0649AA090C}.Release|x86.Build.0 = Release|Win32
		{6A0BE053-99BC-4D5C-AF8A-9180303B3926}.Debug|x64.ActiveCfg = Debug|x64
		{6A0BE053-99BC-4D5C-AF8A-9180303B3926}.Debug|x64.Build.0 = Debug|x64
		{6A0BE053-99BC-4D5C-AF8A-9180303B3926}.Debug|x86.ActiveCfg = Debug|Win32
		{6A0BE053-99BC-4D5C-AF8A-9180303B3926}.Debug|x86.Build.0 = Debug|Win32
		{6A0BE053-99BC-4D5C-AF8A-9180303B3926}.Release|x64.ActiveCfg = Release|x64
		{6A0BE053-99BC-4D5C-AF8A-9180303B3926}.Release|x64.Build.0 = Release|x64
		{6A0BE053-99BC-4D5C-AF8A-9180303B3926}.Release|x86.ActiveCfg = Release|Win32
		{6A0BE053-99BC-4D5C-AF8A-9180303B3926}.Release|x86.Build.0 = Release|Win32
		{E88D7954-80BB-4874-9209-CDDAF29BF191}.Debug|x64.ActiveCfg = Debug|x64
		{E88D7954-80BB-4874-9209-CDDAF29BF191}.Debug|x64.Build.0 = Debug|x64
		{E88D7954-80BB-4874-9209-CDDAF29BF191}.Debug|x86.ActiveCfg = Debug|Win32
		{E88D7954-80BB-4874-9209-CDDAF29BF191}.Debug|x86.Build.0 = Debug|Win32
		{E88D7954-80BB-4874-9209-CDDAF29BF191}.Release|x64.ActiveCfg = Release|x64
		{E88D7954-80BB-4874-9209-CDDAF29BF191}.Release|x64.Build.0 = Release|x64
		{E88D7954-80BB-4874-9209-CDDAF29BF191}.Release|x86.ActiveCfg = Release|Win32
		{E88D7954-80BB-4874-9209-CDDAF29BF191}.Release|x86.Build.0 = Release|Win32
		{828DEA6A-4BC2-4111-A0F6-BD109F441D92}.Debug|x64.ActiveCfg = Debug|x64
		{828DEA6A-4BC2-4111-A0F6-BD109F441D92}.Debug|x64.Build.0 = Debug|x64
		{828DEA6A-4BC2-4111-A0F6-BD109F441D92}.Debug|x86.ActiveCfg = Debug|Win32
		{828DEA6A-4BC2-4111-A0F6-BD109F441D92}.Debug|x86.Build.0 = Debug|Win32
		{828DEA6A-4BC2-4111-A0F6-BD109F441D92}.Release|x64.ActiveCfg = Release|x64
		{828DEA6A-4BC2-4111-A0F6-BD109F441D92}.Release|x64.Build.0 = Release|x64
		{828DEA6A-4BC2-4111-A0F6-BD109F441D92}.Release|x86.ActiveCfg = Release|Win32
		{828DEA6A-4BC2-4111-A0F6-BD109F441D92}.Release|x86.Build.0 = Release|Win32
		{96428681-87A2-45F9-B821-FA20D4EF1ECD}.Debug|x64.ActiveCfg = Debug|x64
		{96428681-87A2-45F9-B821-FA20D4EF1ECD}.Debug|x64.Build.0 = Debug|x64
		{96428681-87A2-45F9-B821-FA20D4EF1ECD}.Debug|x86.ActiveCfg = Debug|Win32
		{96428681-87A2-45F9-B821-FA20D4EF1ECD}.Debug|x86.Build.0 = Debug|Win32
		{96428681-87A2-45F9-B821-FA20D4EF1ECD}.Release|x64.ActiveCfg = Release|x64
		{96428681-87A2-45F9-B821-FA20D4EF1ECD}.Release|x64.Build.0 = Release|x64
		{96428681-87A2-45F9-B821-FA20D4EF1ECD}.Release|x86.ActiveCfg = Release|Win32
		{96428681-87A2-45F9-B821-FA20D4EF1ECD}.Release|x86.Build.0 = Release|Win32
		{423B1259-9B2B-4CCE-9F9D-E19D22597021}.Debug|x64.ActiveCfg = Debug|x64
		{423B1259-9B2B-4CCE-9F9D-E19D22597021}.Debug|x64.Build.0 = Debug|x64
		{423B1259-9B2B-4CCE-9F9D-E19D22597021}.Debug|x86.ActiveCfg = Debug|Win32
		{423B1259-9B2B-4CCE-9F9D-E19D22597021}.Debug|x86.Build.0 = Debug|Win32
		{423B1259-9B2B-4CCE-9F9D-E19D22597021}.Release|x64.ActiveCfg = Release|x64
		{423B1259-9B2B-4CCE-9F9D-E19D22597021}.Release|x64.Build.0 = Release|x64
		{423B1259-9B2B-4CCE-9F9D-E19D22597021}.Release|x86.ActiveCfg = Release|Win32
		{423B1259-9B2B-4CCE-9F9D-E19D22597021}.Release|x86.Build.0 = Release|Win32
		{C2E70A60-275D-4DEE-A2AA-62A10D7810CB}.Debug|x64.ActiveCfg = Debug|x64
		{C2E70A60-275D-4DEE-A2AA-62A10D7810CB}.Debug|x64.Build.0 = Debug|x64
		{C2E70A60-275D-4DEE-A2AA-62A10D7810CB}.Debug|x86.ActiveCfg = Debug|Win32
		{C2E70A60-275D-4DEE-A2AA-62A10D7810CB}.Debug|x86.Build.0 = Debug|Win32
		{C2E70A60-275D-4DEE-A2AA-62A10D7810CB}.Release|x64.ActiveCfg = Release|x64
		{C2E70A60-275D-4DEE-A2AA-62A10D7810CB}.Release|x64.Build.0 = Release|x64
		{C2E70A60-275D-4DEE-A2AA-62A10D7810CB}.Release|x86.ActiveCfg = Release|Win32
		{C2E70A60-275D-4DEE-A2AA-62A10D7810CB}.Release|x86.Build.0 = Release|Win32
		{685FAED6-B7C2-4761-B9D2-3BEBA987E34F}.Debug|x64.ActiveCfg = Debug|x64
		{685FAED6-B7C2-4761-B9D2-3BEBA987E34F}.Debug|x64.Build.0 = Debug|x64
		{685FAED6-B7C2-4761-B9D2-3BEBA987E34F}.Debug|x86.ActiveCfg = Debug|Win32
		{685FAED6-B7C2-4761-B9D2-3BEBA987E34F}.Debug|x86.Build.0 = Debug|Win32
		{685FAED6-B7C2-4761-B9D2-3BEBA987E34F}.Release|x64.ActiveCfg = Release|x64
		{685FAED6-B7C2-4761-B9D2-3BEBA987E34F}.Release|x64.Build.0 = Release|x64
		{685FAED6-B7C2-4761-B9D2-3BEBA987E34F}.Release|x86.ActiveCfg = Release|Win32
		{685FAED6-B7C2-4761-B9D2-3BEBA987E34F}.Release|x86.Build.0 = Release|Win32
		{C9A3D3A0-F310-48EA-ABA9-3D6590C7BE3A}.Debug|x64.ActiveCfg = Debug|x64
		{C9A3D3A0-F310-48EA-ABA9-3D6590C7BE3A}.Debug|x64.Build.0 = Debug|x64
		{C9A3D3A0-F310-48EA-ABA9-3D6590C7BE3A}.Debug|x86.ActiveCfg = Debug|Win32
		{C9A3D3A0-F310-48EA-ABA9-3D6590C7BE3A}.Debug|x86.Build.0 = Debug|Win32
		{C9A3D3A0-F310-48EA-ABA9-3D6590C7BE3A}.Release|x64.ActiveCfg = Release|x64
		{C9A3D3A0-F310-48EA-ABA9-3D6590C7BE3A}.Release|x64.Build.0 = Release|x64
		{C9A3D3A0-F310-48EA-ABA9-3D6590C7BE3A}.Release|x86.ActiveCfg = Release|Win32
		{C9A3D3A0-F310-48EA-ABA9-3D6590C7BE3A}.Release|x86.Build.0 = Release|Win32
		{B5D2E2D0-6425-4935-B78E-48A5FBCD5A24}.Debug|x64.ActiveCfg = Debug|x64
		{B5D2E2D0-6425-4935-B78E-48A5FBCD5A24}.Debug|x64.Build.0 = Debug|x64
		{B5D2E2D0-6425-4935-B78E-48A5FBCD5A24}.Debug|x86.ActiveCfg = Debug|Win32
		{B5D2E2D0-6425-4935-B78E-48A5FBCD5A24}.Debug|x86.Build.0 = Debug|Win32
		{B5D2E2D0-6425-4935-B78E-48A5FBCD5A24}.Release|x64.ActiveCfg = Release|x64
		{B5D2E2D0-6425-4935-B78E-48A5FBCD5A24}.Release|x64.Build.0 = Release|x64
		{B5D2E2D0-6425-4935-B78E-48A5FBCD5A24}.Release|x86.ActiveCfg = Release|Win32
		{B5D2E2D0-6425-4935-B78E-48A5FBCD5A24}.Release|x86.Build.0 = Release|Win32
		{5E0807F2-020D-4307-9DAF-DB6A15A1BA56}.Debug|x64.ActiveCfg = Debug|x64
		{5E0807F2-020D-4307-9DAF-DB6A15A1BA56}.Debug|x64.Build.0 = Debug|x64
		{5E0807F2-020D-4307-9DAF-DB6A15A1BA56}.Debug|x86.ActiveCfg = Debug|Win32
		{5E0807F2-020D-4307-9DAF-DB6A15A1BA56}.Debug|x86.Build.0 = Debug|Win32
		{5E0807F2-020D-4307-9DAF-DB6A15A1BA56}.Release|x64.ActiveCfg = Release|x64
		{5E0807F2-020D-4307-9DAF-DB6A15A1BA56}.Release|x64.Build.0 = Release|x64
		{5E0807F2-020D-4307-9DAF-DB6A15A1BA56}.Release|x86.ActiveCfg = Release|Win32
		{5E0807F2-020D-4307-9DAF-DB6A15A1BA56}.Release|x86.Build.0 = Release|Win32
		{A8F964CA-35FD-4522-B51F-0601406451AE}.Debug|x64.ActiveCfg = Debug|x64
		{A8F964CA-35FD-4522-B51F-0601406451AE}.Debug|x64.Build.0 = Debug|x64
		{A8F964CA-35FD-4522-B51F-0601406451AE}.Debug|x86.ActiveCfg = Debug|Win32
		{A8F964CA-35FD-4522-B51F-0601406451AE}.Debug|x86.Build.0 = Debug|Win32
		{A8F964CA-35FD-4522-B51F-0601406451AE}.Release|x64.ActiveCfg = Release|x64
		{A8F964CA-35FD-4522-B51F-0601406451AE}.Release|x64.Build.0 = Release|x64
		{A8F964CA-35FD-4522-B51F-0601406451AE}.Release|x86.ActiveCfg = Release|Win32
		{A8F964CA-35FD-4522-B51F-0601406451AE}.Release|x86.Build.0 = Release|Win32
		{BA814835-16D5-454D-8242-5EEAF7F3F412}.Debug|x64.ActiveCfg = Debug|x64
		{BA814835-16D5-454D-8242-5EEAF7F3F412}.Debug|x64.Build.0 = Debug|x64
		{BA814835-16D5-454D-8242-5EEAF7F3F412}.Debug|x86.ActiveCfg = Debug|Win32
		{BA814835-16D5-454D-8242-5EEAF7F3F412}.Debug|x86.Build.0 = Debug|Win32
		{BA814835-16D5-454D-8242-5EEAF7F3F412}.Release|x64.ActiveCfg = Release|x64
		{BA814835-16D5-454D-8242-5EEAF7F3F412}.Release|x64.Build.0 = Release|x64
		{BA814835-16D5-454D-8242-5EEAF7F3F412}.Release|x86.ActiveCfg = Release|Win32
		{BA814835-16D5-454D-8242-5EEAF7F3F412}.Release|x86.Build.0 = Release|Win32
		{420813DE-E7FF-4F66-A53D-7216AFF51A15}.Debug|x64.ActiveCfg = Debug|x64
		{420813DE-E7FF-4F66-A53D-7216AFF51A15}.Debug|x64.Build.0 = Debug|x64
		{420813DE-E7FF-4F66-A53D-7216AFF51A15}.Debug|x86.ActiveCfg = Debug|Win32
		{420813DE-E7FF-4F66-A53D-7216AFF51A15}.Debug|x86.Build.0 = Debug|Win32
		{420813DE-E7FF-4F66-A53D-7216AFF51A15}.Release|x64.ActiveCfg = Release|x64
		{420813DE-E7FF-4F66-A53D-7216AFF51A15}.Release|x64.Build.0 = Release|x64
		{420813DE-E7FF-4F66-A53D-7216AFF51A15}.Release|x86.ActiveCfg = Release|Win32
		{420813DE-E7FF-4F66-A53D-7216AFF51A15}.Release|x86.Build.0 = Release|Win32
		{361DDAD2-B197-45CA-8D33-9BC30FE2DB5D}.Debug|x64.ActiveCfg = Debug|x64
		{361DDAD2-B197-45CA-8D33-9BC30FE2DB5D}.Debug|x64.Build.0 = Debug|x64
		{361DDAD2-B197-45CA-8D33-9BC30FE2DB5D}.Debug|x86.ActiveCfg = Debug|Win32
		{361DDAD2-B197-45CA-8D33-9BC30FE2DB5D}.Debug|x86.Build.0 = Debug|Win32
		{361DDAD2-B197-45CA-8D33-9BC30FE2DB5D}.Release|x64.ActiveCfg = Release|x64
		{361DDAD2-B197-45CA-8D33-9BC30FE2DB5D}.Release|x64.Build.0 = Release|x64
		{361DDAD2-B197-45CA-8D33-9BC30FE2DB5D}.Release|x86.ActiveCfg = Release|Win32
		{361DDAD2-B197-45CA-8D33-9BC30FE2DB5D}.Release|x86.Build.0 = Release|Win32
		{B5979C38-1D80-4224-9CF3-EF5C01ECCCB6}.Debug|x64.ActiveCfg = Debug|x64
		{B5979C38-1D80-4224-9CF3-EF5C01ECCCB6}.Debug|x64.Build.0 = Debug|x64
		{B5979C38-1D80-4224-9CF3-EF5C01ECCCB6}.Debug|x86.ActiveCfg = Debug|Win32
		{B5979C38-1D80-4224-9CF3-EF5C01ECCCB6}.Debug|x86.Build.0 = Debug|Win32
		{B5979C38-1D80-4224-9CF3-EF5C01ECCCB6}.Release|x64.ActiveCfg = Release|x64
		{B5979C38-1D80-4224-9CF3-EF5C01ECCCB6}.Release|x64.Build.0 = Release|x64
		{B5979C38-1D80-4224-9CF3-EF5C01ECCCB6}.Release|x86.ActiveCfg = Release|Win32
		{B5979C38-1D80-4224-9CF3-EF5C01ECCCB6}.Release|x86.Build.0 = Release|Win32
		{4FE897FF-A776-439F-871A-D25BAF417DD0}.Debug|x64.ActiveCfg = Debug|x64
		{4FE897FF-A776-439F-871A-D25BAF417DD0}.Debug|x64.Build.0 = Debug|x64
		{4FE897FF-A776-439F-871A-D25BAF417DD0}.Debug|x86.ActiveCfg = Debug|Win32
		{4FE897FF-A776-439F-871A-D25BAF417DD0}.Debug|x86.Build.0 = Debug|Win32
		{4FE897FF-A776-439F-871A-D25BAF417DD0}.Release|x64.ActiveCfg = Release|x64
		{4FE897FF-A776-439F-871A-D25BAF417DD0}.Release|x64.Build.0 = Release|x64
		{4FE897FF-A776-439F-871A-D25BAF417DD0}.Release|x86.ActiveCfg = Release|Win32
		{4FE897FF-A776-439F-871A-D25BAF417DD0}.Release|x86.Build.0 = Release|Win32
		{1F0DDB83-E6D9-4963-8476-2F0289865DD5}.Debug|x64.ActiveCfg = Debug|x64
		{1F0DDB83-E6D9-4963-8476-2F0289865DD5}.Debug|x64.Build.0 = Debug|x64
		{1F0DDB83-E6D9-4963-8476-2F0289865DD5}.Debug|x86.ActiveCfg = Debug|Win32
		{1F0DDB83-E6D9-4963-8476-2F0289865DD5}.Debug|x86.Build.0 = Debug|Win32
		{1F0DDB83-E6D9-4963-8476-2F0289865DD5}.Release|x64.ActiveCfg = Release|x64
		{1F0DDB83-E6D9-4963-8476-2F0289865DD5}.Release|x64.Build.0 = Release|x64
		{1F0DDB83-E6D9-4963-8476-2F0289865DD5}.Release|x86.ActiveCfg = Release|Win32
		{1F0DDB83-E6D9-4963-8476-2F0289865DD5}.Release|x86.Build.0 = Release|Win32
		{053154A3-03F5-4AFE-B555-DAB80DBC3CE7}.Debug|x64.ActiveCfg = Debug|x64
		{053154A3-03F5-4AFE-B555-DAB80DBC3CE7}.Debug|x64.Build.0 = Debug|x64
		{053154A3-03F5-4AFE-B555-DAB80DBC3CE7}.Debug|x86.ActiveCfg = Debug|Win32
		{053154A3-03F5-4AFE-B555-DAB80DBC3CE7}.Debug|x86.Build.0 = Debug|Win32
		{053154A3-03F5-4AFE-B555-DAB80DBC3CE7}.Release|x64.ActiveCfg = Release|x64
		{053154A3-03F5-4AFE-B555-DAB80DBC3CE7}.Release|x64.Build.0 = Release|x64
		{053154A3-03F5-4AFE-B555-DAB80DBC3CE7}.Release|x86.ActiveCfg = Release|Win32
		{053154A3-03F5-4AFE-B555-DAB80DBC3CE7}.Release|x86.Build.0 = Release|Win32
		{2C68BA56-0668-4A3C-B9C1-BCCB5D388B1E}.Debug|x64.ActiveCfg = Debug|x64
		{2C68BA56-0668-4A3C-B9C1-BCCB5D388B1E}.Debug|x64.Build.0 = Debug|x64
		{2C68BA56-0668-4A3C-B9C1-BCCB5D388B1E}.Debug|x86.ActiveCfg = Debug|Win32
		{2C68BA56-0668-4A3C-B9C1-BCCB5D388B1E}.Debug|x86.Build.0 = Debug|Win32
		{2C68BA56-0668-4A3C-B9C1-BCCB5D388B1E}.Release|x64.ActiveCfg = Release|x64
		{2C68BA56-0668-4A3C-B9C1-BCCB5D388B1E}.Release|x64.Build.0 = Release|x64
		{2C68BA56-0668-4A3C-B9C1-BCCB5D388B1E}.Release|x86.ActiveCfg = Release|Win32
		{2C68BA56-0668-4A3C-B9C1-BCCB5D388B1E}.Release|x86.Build.0 = Release|Win32
	EndGlobalSection
	GlobalSection(SolutionProperties) = preSolution
		HideSolutionNode = FALSE
	EndGlobalSection
	GlobalSection(NestedProjects) = preSolution
		{966D2CDF-8BF7-46E4-B433-7BF8FB1780F2} = {D9B83CD1-489F-4675-AD16-1F83F212E470}
		{67707046-9457-48D9-B8F4-E523C98BDED2} = {D9B83CD1-489F-4675-AD16-1F83F212E470}
		{51484A0E-05E5-440D-9D42-8C0649AA090C} = {D9B83CD1-489F-4675-AD16-1F83F212E470}
		{6A0BE053-99BC-4D5C-AF8A-9180303B3926} = {D9B83CD1-489F-4675-AD16-1F83F212E470}
		{E88D7954-80BB-4874-9209-CDDAF29BF191} = {D9B83CD1-489F-4675-AD16-1F83F212E470}
		{828DEA6A-4BC2-4111-A0F6-BD109F441D92} = {D9B83CD1-489F-4675-AD16-1F83F212E470}
		{96428681-87A2-45F9-B821-FA20D4EF1ECD} = {D9B83CD1-489F-4675-AD16-1F83F212E470}
		{423B1259-9B2B-4CCE-9F9D-E19D22597021} = {D9B83CD1-489F-4675-AD16-1F83F212E470}
		{C2E70A60-275D-4DEE-A2AA-62A10D7810CB} = {D9B83CD1-489F-4675-AD16-1F83F212E470}
		{685FAED6-B7C2-4761-B9D2-3BEBA987E34F} = {D9B83CD1-489F-4675-AD16-1F83F212E470}
		{C9A3D3A0-F310-48EA-ABA9-3D6590C7BE3A} = {55D86586-6987-4364-8F75-F7809E192A1F}
		{B5D2E2D0-6425-4935-B78E-48A5FBCD5A24} = {55D86586-6987-4364-8F75-F7809E192A1F}
		{5E0807F2-020D-4307-9DAF-DB6A15A1BA56} = {D9B83CD1-489F-4675-AD16-1F83F212E470}
		{A8F964CA-35FD-4522-B51F-0601406451AE} = {D9B83CD1-489F-4675-AD16-1F83F212E470}
		{BA814835-16D5-454D-8242-5EEAF7F3F412} = {55D86586-6987-4364-8F75-F7809E192A1F}
		{420813DE-E7FF-4F66-A53D-7216AFF51A15} = {55D86586-6987-4364-8F75-F7809E192A1F}
		{361DDAD2-B197-45CA-8D33-9BC30FE2DB5D} = {F25E7DAF-F681-4F2C-AE0C-C6924A2F8B83}
		{B5979C38-1D80-4224-9CF3-EF5C01ECCCB6} = {F25E7DAF-F681-4F2C-AE0C-C6924A2F8B83}
		{4FE897FF-A776-439F-871A-D25BAF417DD0} = {F25E7DAF-F681-4F2C-AE0C-C6924A2F8B83}
		{1F0DDB83-E6D9-4963-8476-2F0289865DD5} = {D9B83CD1-489F-4675-AD16-1F83F212E470}
		{053154A3-03F5-4AFE-B555-DAB80DBC3CE7} = {D9B83CD1-489F-4675-AD16-1F83F212E470}
		{2C68BA56-0668-4A3C-B9C1-BCCB5D388B1E} = {F25E7DAF-F681-4F2C-AE0C-C6924A2F8B83}
	EndGlobalSection
	GlobalSection(ExtensibilityGlobals) = postSolution
		SolutionGuid = {B89E00EB-DF30-4507-B64A-1719B9E1DEAB}
	EndGlobalSection
EndGlobal
